
Microsoft Visual Studio Solution File, Format Version 12.00
# Visual Studio Version 17
VisualStudioVersion = 17.0.31919.166
MinimumVisualStudioVersion = 10.0.40219.1
Project("{FAE04EC0-301F-11D3-BF4B-00C04F79EFBC}") = "Ex 4 Lista 2", "Ex 4 Lista 2\Ex 4 Lista 2.csproj", "{CAB3D3A8-4A0B-4B7E-84DC-8622E72E8D01}"
EndProject
Global
	GlobalSection(SolutionConfigurationPlatforms) = preSolution
		Debug|Any CPU = Debug|Any CPU
		Release|Any CPU = Release|Any CPU
	EndGlobalSection
	GlobalSection(ProjectConfigurationPlatforms) = postSolution
		{CAB3D3A8-4A0B-4B7E-84DC-8622E72E8D01}.Debug|Any CPU.ActiveCfg = Debug|Any CPU
		{CAB3D3A8-4A0B-4B7E-84DC-8622E72E8D01}.Debug|Any CPU.Build.0 = Debug|Any CPU
		{CAB3D3A8-4A0B-4B7E-84DC-8622E72E8D01}.Release|Any CPU.ActiveCfg = Release|Any CPU
		{CAB3D3A8-4A0B-4B7E-84DC-8622E72E8D01}.Release|Any CPU.Build.0 = Release|Any CPU
	EndGlobalSection
	GlobalSection(SolutionProperties) = preSolution
		HideSolutionNode = FALSE
	EndGlobalSection
	GlobalSection(ExtensibilityGlobals) = postSolution
		SolutionGuid = {23D28003-51EC-4CA0-BADB-0D2DE0E5862F}
	EndGlobalSection
EndGlobal
