
Microsoft Visual Studio Solution File, Format Version 12.00
# Visual Studio Version 17
VisualStudioVersion = 17.0.31919.166
MinimumVisualStudioVersion = 10.0.40219.1
Project("{FAE04EC0-301F-11D3-BF4B-00C04F79EFBC}") = "Ex10 Lista2", "Ex10 Lista2\Ex10 Lista2.csproj", "{02BC010B-E897-4226-8FC2-2B2D2B412697}"
EndProject
Global
	GlobalSection(SolutionConfigurationPlatforms) = preSolution
		Debug|Any CPU = Debug|Any CPU
		Release|Any CPU = Release|Any CPU
	EndGlobalSection
	GlobalSection(ProjectConfigurationPlatforms) = postSolution
		{02BC010B-E897-4226-8FC2-2B2D2B412697}.Debug|Any CPU.ActiveCfg = Debug|Any CPU
		{02BC010B-E897-4226-8FC2-2B2D2B412697}.Debug|Any CPU.Build.0 = Debug|Any CPU
		{02BC010B-E897-4226-8FC2-2B2D2B412697}.Release|Any CPU.ActiveCfg = Release|Any CPU
		{02BC010B-E897-4226-8FC2-2B2D2B412697}.Release|Any CPU.Build.0 = Release|Any CPU
	EndGlobalSection
	GlobalSection(SolutionProperties) = preSolution
		HideSolutionNode = FALSE
	EndGlobalSection
	GlobalSection(ExtensibilityGlobals) = postSolution
		SolutionGuid = {E1347214-3C67-4576-9315-6550B85A9DCA}
	EndGlobalSection
EndGlobal
