
Microsoft Visual Studio Solution File, Format Version 12.00
# Visual Studio Version 17
VisualStudioVersion = 17.0.31919.166
MinimumVisualStudioVersion = 10.0.40219.1
Project("{FAE04EC0-301F-11D3-BF4B-00C04F79EFBC}") = "Ex11 Lista2", "Ex11 Lista2\Ex11 Lista2.csproj", "{9277F57E-DB50-4590-B131-B1792F5D06BB}"
EndProject
Global
	GlobalSection(SolutionConfigurationPlatforms) = preSolution
		Debug|Any CPU = Debug|Any CPU
		Release|Any CPU = Release|Any CPU
	EndGlobalSection
	GlobalSection(ProjectConfigurationPlatforms) = postSolution
		{9277F57E-DB50-4590-B131-B1792F5D06BB}.Debug|Any CPU.ActiveCfg = Debug|Any CPU
		{9277F57E-DB50-4590-B131-B1792F5D06BB}.Debug|Any CPU.Build.0 = Debug|Any CPU
		{9277F57E-DB50-4590-B131-B1792F5D06BB}.Release|Any CPU.ActiveCfg = Release|Any CPU
		{9277F57E-DB50-4590-B131-B1792F5D06BB}.Release|Any CPU.Build.0 = Release|Any CPU
	EndGlobalSection
	GlobalSection(SolutionProperties) = preSolution
		HideSolutionNode = FALSE
	EndGlobalSection
	GlobalSection(ExtensibilityGlobals) = postSolution
		SolutionGuid = {ADCCACB8-9E6D-452D-B440-61E538420FC8}
	EndGlobalSection
EndGlobal
