
Microsoft Visual Studio Solution File, Format Version 12.00
# Visual Studio Version 17
VisualStudioVersion = 17.0.31919.166
MinimumVisualStudioVersion = 10.0.40219.1
Project("{FAE04EC0-301F-11D3-BF4B-00C04F79EFBC}") = "Ex6 Lista2", "Ex6 Lista2\Ex6 Lista2.csproj", "{04568381-BAD0-462E-874E-48426AEE89F4}"
EndProject
Global
	GlobalSection(SolutionConfigurationPlatforms) = preSolution
		Debug|Any CPU = Debug|Any CPU
		Release|Any CPU = Release|Any CPU
	EndGlobalSection
	GlobalSection(ProjectConfigurationPlatforms) = postSolution
		{04568381-BAD0-462E-874E-48426AEE89F4}.Debug|Any CPU.ActiveCfg = Debug|Any CPU
		{04568381-BAD0-462E-874E-48426AEE89F4}.Debug|Any CPU.Build.0 = Debug|Any CPU
		{04568381-BAD0-462E-874E-48426AEE89F4}.Release|Any CPU.ActiveCfg = Release|Any CPU
		{04568381-BAD0-462E-874E-48426AEE89F4}.Release|Any CPU.Build.0 = Release|Any CPU
	EndGlobalSection
	GlobalSection(SolutionProperties) = preSolution
		HideSolutionNode = FALSE
	EndGlobalSection
	GlobalSection(ExtensibilityGlobals) = postSolution
		SolutionGuid = {F33AD5DA-3D58-40DC-81F6-9E0E6947F242}
	EndGlobalSection
EndGlobal
