
Microsoft Visual Studio Solution File, Format Version 12.00
# Visual Studio Version 17
VisualStudioVersion = 17.0.31919.166
MinimumVisualStudioVersion = 10.0.40219.1
Project("{FAE04EC0-301F-11D3-BF4B-00C04F79EFBC}") = "Ex7 Lista2", "Ex7 Lista2\Ex7 Lista2.csproj", "{194ABD55-B0C0-49EA-A5E2-304222599640}"
EndProject
Global
	GlobalSection(SolutionConfigurationPlatforms) = preSolution
		Debug|Any CPU = Debug|Any CPU
		Release|Any CPU = Release|Any CPU
	EndGlobalSection
	GlobalSection(ProjectConfigurationPlatforms) = postSolution
		{194ABD55-B0C0-49EA-A5E2-304222599640}.Debug|Any CPU.ActiveCfg = Debug|Any CPU
		{194ABD55-B0C0-49EA-A5E2-304222599640}.Debug|Any CPU.Build.0 = Debug|Any CPU
		{194ABD55-B0C0-49EA-A5E2-304222599640}.Release|Any CPU.ActiveCfg = Release|Any CPU
		{194ABD55-B0C0-49EA-A5E2-304222599640}.Release|Any CPU.Build.0 = Release|Any CPU
	EndGlobalSection
	GlobalSection(SolutionProperties) = preSolution
		HideSolutionNode = FALSE
	EndGlobalSection
	GlobalSection(ExtensibilityGlobals) = postSolution
		SolutionGuid = {7D1C2B1A-958D-45BA-B7FF-C9AFAEF54A5E}
	EndGlobalSection
EndGlobal
